$begin 'ConnectionParameters'
	DesktopProcessID=8588
	DesktopProcessPath='C:\\Program Files\\AnsysEM\\v232\\Win64\\ansysedt.exe'
	LaunchedByWB=false
	$begin 'DesktopStubBlock'
		$begin 'CommDetails'
			TransportType=1
			IPAddress='192.168.0.101'
			ListenPort='55972'
		$end 'CommDetails'
		$begin 'Marshall'
			InstanceID=503
			ProcID=8588
			InterfaceID=1
			FactoryIntID='DesktopInterfaceForWBProxyStubFactory'
		$end 'Marshall'
	$end 'DesktopStubBlock'
	$begin 'DesktopBackgroundObjStubBlock'
		$begin 'CommDetails'
			TransportType=1
			IPAddress='192.168.0.101'
			ListenPort='55972'
		$end 'CommDetails'
		$begin 'Marshall'
			InstanceID=505
			ProcID=8588
			InterfaceID=2
			FactoryIntID='DesktopInterfaceForWBProxyStubFactory'
		$end 'Marshall'
	$end 'DesktopBackgroundObjStubBlock'
$end 'ConnectionParameters'
